// !$*UTF8*$!
{
	archiveVersion = 1;
	classes = {
	};
	objectVersion = 50;
	objects = {

/* Begin PBXBuildFile section */
		4A451158220243570069E563 /* AppDelegate.swift in Sources */ = {isa = PBXBuildFile; fileRef = 4A451157220243570069E563 /* AppDelegate.swift */; };
		4A45115D220243570069E563 /* Main.storyboard in Resources */ = {isa = PBXBuildFile; fileRef = 4A45115B220243570069E563 /* Main.storyboard */; };
		4A451160220243570069E563 /* Task.xcdatamodeld in Sources */ = {isa = PBXBuildFile; fileRef = 4A45115E220243570069E563 /* Task.xcdatamodeld */; };
		4A451162220243580069E563 /* Assets.xcassets in Resources */ = {isa = PBXBuildFile; fileRef = 4A451161220243580069E563 /* Assets.xcassets */; };
		4A451165220243580069E563 /* LaunchScreen.storyboard in Resources */ = {isa = PBXBuildFile; fileRef = 4A451163220243580069E563 /* LaunchScreen.storyboard */; };
		4A4511702202450F0069E563 /* TaskDetailTableViewController.swift in Sources */ = {isa = PBXBuildFile; fileRef = 4A45116F2202450F0069E563 /* TaskDetailTableViewController.swift */; };
		4A451172220245500069E563 /* CoreDataStack.swift in Sources */ = {isa = PBXBuildFile; fileRef = 4A451171220245500069E563 /* CoreDataStack.swift */; };
		4A4511762202459F0069E563 /* Task.xcdatamodeld in Sources */ = {isa = PBXBuildFile; fileRef = 4A4511742202459F0069E563 /* Task.xcdatamodeld */; };
		4A451178220247180069E563 /* Task+Convenience.swift in Sources */ = {isa = PBXBuildFile; fileRef = 4A451177220247180069E563 /* Task+Convenience.swift */; };
		4A45117A22024CBC0069E563 /* TaskController.swift in Sources */ = {isa = PBXBuildFile; fileRef = 4A45117922024CBC0069E563 /* TaskController.swift */; };
		4A45117D2202AE190069E563 /* DateHelpers.swift in Sources */ = {isa = PBXBuildFile; fileRef = 4A45117C2202AE190069E563 /* DateHelpers.swift */; };
		4A451184220394470069E563 /* ButtonTableViewCell.swift in Sources */ = {isa = PBXBuildFile; fileRef = 4A451183220394470069E563 /* ButtonTableViewCell.swift */; };
		4A4511862203B3FB0069E563 /* TaskListTableViewController.swift in Sources */ = {isa = PBXBuildFile; fileRef = 4A4511852203B3FB0069E563 /* TaskListTableViewController.swift */; };
/* End PBXBuildFile section */

/* Begin PBXFileReference section */
		4A451154220243570069E563 /* Task.app */ = {isa = PBXFileReference; explicitFileType = wrapper.application; includeInIndex = 0; path = Task.app; sourceTree = BUILT_PRODUCTS_DIR; };
		4A451157220243570069E563 /* AppDelegate.swift */ = {isa = PBXFileReference; lastKnownFileType = sourcecode.swift; path = AppDelegate.swift; sourceTree = "<group>"; };
		4A45115C220243570069E563 /* Base */ = {isa = PBXFileReference; lastKnownFileType = file.storyboard; name = Base; path = Base.lproj/Main.storyboard; sourceTree = "<group>"; };
		4A45115F220243570069E563 /* Task.xcdatamodel */ = {isa = PBXFileReference; lastKnownFileType = wrapper.xcdatamodel; path = Task.xcdatamodel; sourceTree = "<group>"; };
		4A451161220243580069E563 /* Assets.xcassets */ = {isa = PBXFileReference; lastKnownFileType = folder.assetcatalog; path = Assets.xcassets; sourceTree = "<group>"; };
		4A451164220243580069E563 /* Base */ = {isa = PBXFileReference; lastKnownFileType = file.storyboard; name = Base; path = Base.lproj/LaunchScreen.storyboard; sourceTree = "<group>"; };
		4A451166220243580069E563 /* Info.plist */ = {isa = PBXFileReference; lastKnownFileType = text.plist.xml; path = Info.plist; sourceTree = "<group>"; };
		4A45116F2202450F0069E563 /* TaskDetailTableViewController.swift */ = {isa = PBXFileReference; lastKnownFileType = sourcecode.swift; path = TaskDetailTableViewController.swift; sourceTree = "<group>"; };
		4A451171220245500069E563 /* CoreDataStack.swift */ = {isa = PBXFileReference; lastKnownFileType = sourcecode.swift; path = CoreDataStack.swift; sourceTree = "<group>"; };
		4A4511752202459F0069E563 /* Task.xcdatamodel */ = {isa = PBXFileReference; lastKnownFileType = wrapper.xcdatamodel; path = Task.xcdatamodel; sourceTree = "<group>"; };
		4A451177220247180069E563 /* Task+Convenience.swift */ = {isa = PBXFileReference; lastKnownFileType = sourcecode.swift; path = "Task+Convenience.swift"; sourceTree = "<group>"; };
		4A45117922024CBC0069E563 /* TaskController.swift */ = {isa = PBXFileReference; lastKnownFileType = sourcecode.swift; path = TaskController.swift; sourceTree = "<group>"; };
		4A45117C2202AE190069E563 /* DateHelpers.swift */ = {isa = PBXFileReference; lastKnownFileType = sourcecode.swift; path = DateHelpers.swift; sourceTree = "<group>"; };
		4A451183220394470069E563 /* ButtonTableViewCell.swift */ = {isa = PBXFileReference; lastKnownFileType = sourcecode.swift; path = ButtonTableViewCell.swift; sourceTree = "<group>"; };
		4A4511852203B3FB0069E563 /* TaskListTableViewController.swift */ = {isa = PBXFileReference; lastKnownFileType = sourcecode.swift; path = TaskListTableViewController.swift; sourceTree = "<group>"; };
/* End PBXFileReference section */

/* Begin PBXFrameworksBuildPhase section */
		4A451151220243570069E563 /* Frameworks */ = {
			isa = PBXFrameworksBuildPhase;
			buildActionMask = 2147483647;
			files = (
			);
			runOnlyForDeploymentPostprocessing = 0;
		};
/* End PBXFrameworksBuildPhase section */

/* Begin PBXGroup section */
		4A45114B220243570069E563 = {
			isa = PBXGroup;
			children = (
				4A451183220394470069E563 /* ButtonTableViewCell.swift */,
				4A451156220243570069E563 /* Task */,
				4A451155220243570069E563 /* Products */,
			);
			sourceTree = "<group>";
		};
		4A451155220243570069E563 /* Products */ = {
			isa = PBXGroup;
			children = (
				4A451154220243570069E563 /* Task.app */,
			);
			name = Products;
			sourceTree = "<group>";
		};
		4A451156220243570069E563 /* Task */ = {
			isa = PBXGroup;
			children = (
				4A451157220243570069E563 /* AppDelegate.swift */,
				4A45115E220243570069E563 /* Task.xcdatamodeld */,
				4A4511742202459F0069E563 /* Task.xcdatamodeld */,
				4A451171220245500069E563 /* CoreDataStack.swift */,
				4A451173220245780069E563 /* View */,
				4A45117B220265DC0069E563 /* View Controllers */,
				4A45116C220243A10069E563 /* Resources */,
			);
			path = Task;
			sourceTree = "<group>";
		};
		4A45116C220243A10069E563 /* Resources */ = {
			isa = PBXGroup;
			children = (
				4A451161220243580069E563 /* Assets.xcassets */,
				4A451163220243580069E563 /* LaunchScreen.storyboard */,
				4A451166220243580069E563 /* Info.plist */,
			);
			path = Resources;
			sourceTree = "<group>";
		};
		4A451173220245780069E563 /* View */ = {
			isa = PBXGroup;
			children = (
				4A45115B220243570069E563 /* Main.storyboard */,
			);
			path = View;
			sourceTree = "<group>";
		};
		4A45117B220265DC0069E563 /* View Controllers */ = {
			isa = PBXGroup;
			children = (
				4A45117922024CBC0069E563 /* TaskController.swift */,
				4A45116F2202450F0069E563 /* TaskDetailTableViewController.swift */,
				4A45118B2203EE270069E563 /* Models */,
				4A4511852203B3FB0069E563 /* TaskListTableViewController.swift */,
			);
			path = "View Controllers";
			sourceTree = "<group>";
		};
		4A45118B2203EE270069E563 /* Models */ = {
			isa = PBXGroup;
			children = (
				4A45117C2202AE190069E563 /* DateHelpers.swift */,
				4A451177220247180069E563 /* Task+Convenience.swift */,
			);
			path = Models;
			sourceTree = "<group>";
		};
/* End PBXGroup section */

/* Begin PBXNativeTarget section */
		4A451153220243570069E563 /* Task */ = {
			isa = PBXNativeTarget;
			buildConfigurationList = 4A451169220243580069E563 /* Build configuration list for PBXNativeTarget "Task" */;
			buildPhases = (
				4A451150220243570069E563 /* Sources */,
				4A451151220243570069E563 /* Frameworks */,
				4A451152220243570069E563 /* Resources */,
			);
			buildRules = (
			);
			dependencies = (
			);
			name = Task;
			productName = Task;
			productReference = 4A451154220243570069E563 /* Task.app */;
			productType = "com.apple.product-type.application";
		};
/* End PBXNativeTarget section */

/* Begin PBXProject section */
		4A45114C220243570069E563 /* Project object */ = {
			isa = PBXProject;
			attributes = {
				LastSwiftUpdateCheck = 1010;
				LastUpgradeCheck = 1010;
				ORGANIZATIONNAME = "Jacob Rosevear";
				TargetAttributes = {
					4A451153220243570069E563 = {
						CreatedOnToolsVersion = 10.1;
					};
				};
			};
			buildConfigurationList = 4A45114F220243570069E563 /* Build configuration list for PBXProject "Task" */;
			compatibilityVersion = "Xcode 9.3";
			developmentRegion = en;
			hasScannedForEncodings = 0;
			knownRegions = (
				en,
				Base,
			);
			mainGroup = 4A45114B220243570069E563;
			productRefGroup = 4A451155220243570069E563 /* Products */;
			projectDirPath = "";
			projectRoot = "";
			targets = (
				4A451153220243570069E563 /* Task */,
			);
		};
/* End PBXProject section */

/* Begin PBXResourcesBuildPhase section */
		4A451152220243570069E563 /* Resources */ = {
			isa = PBXResourcesBuildPhase;
			buildActionMask = 2147483647;
			files = (
				4A451165220243580069E563 /* LaunchScreen.storyboard in Resources */,
				4A451162220243580069E563 /* Assets.xcassets in Resources */,
				4A45115D220243570069E563 /* Main.storyboard in Resources */,
			);
			runOnlyForDeploymentPostprocessing = 0;
		};
/* End PBXResourcesBuildPhase section */

/* Begin PBXSourcesBuildPhase section */
		4A451150220243570069E563 /* Sources */ = {
			isa = PBXSourcesBuildPhase;
			buildActionMask = 2147483647;
			files = (
				4A4511762202459F0069E563 /* Task.xcdatamodeld in Sources */,
				4A451172220245500069E563 /* CoreDataStack.swift in Sources */,
				4A451178220247180069E563 /* Task+Convenience.swift in Sources */,
				4A451160220243570069E563 /* Task.xcdatamodeld in Sources */,
				4A4511862203B3FB0069E563 /* TaskListTableViewController.swift in Sources */,
				4A451158220243570069E563 /* AppDelegate.swift in Sources */,
				4A45117A22024CBC0069E563 /* TaskController.swift in Sources */,
				4A451184220394470069E563 /* ButtonTableViewCell.swift in Sources */,
				4A4511702202450F0069E563 /* TaskDetailTableViewController.swift in Sources */,
				4A45117D2202AE190069E563 /* DateHelpers.swift in Sources */,
			);
			runOnlyForDeploymentPostprocessing = 0;
		};
/* End PBXSourcesBuildPhase section */

/* Begin PBXVariantGroup section */
		4A45115B220243570069E563 /* Main.storyboard */ = {
			isa = PBXVariantGroup;
			children = (
				4A45115C220243570069E563 /* Base */,
			);
			name = Main.storyboard;
			sourceTree = "<group>";
		};
		4A451163220243580069E563 /* LaunchScreen.storyboard */ = {
			isa = PBXVariantGroup;
			children = (
				4A451164220243580069E563 /* Base */,
			);
			name = LaunchScreen.storyboard;
			sourceTree = "<group>";
		};
/* End PBXVariantGroup section */

/* Begin XCBuildConfiguration section */
		4A451167220243580069E563 /* Debug */ = {
			isa = XCBuildConfiguration;
			buildSettings = {
				ALWAYS_SEARCH_USER_PATHS = NO;
				CLANG_ANALYZER_NONNULL = YES;
				CLANG_ANALYZER_NUMBER_OBJECT_CONVERSION = YES_AGGRESSIVE;
				CLANG_CXX_LANGUAGE_STANDARD = "gnu++14";
				CLANG_CXX_LIBRARY = "libc++";
				CLANG_ENABLE_MODULES = YES;
				CLANG_ENABLE_OBJC_ARC = YES;
				CLANG_ENABLE_OBJC_WEAK = YES;
				CLANG_WARN_BLOCK_CAPTURE_AUTORELEASING = YES;
				CLANG_WARN_BOOL_CONVERSION = YES;
				CLANG_WARN_COMMA = YES;
				CLANG_WARN_CONSTANT_CONVERSION = YES;
				CLANG_WARN_DEPRECATED_OBJC_IMPLEMENTATIONS = YES;
				CLANG_WARN_DIRECT_OBJC_ISA_USAGE = YES_ERROR;
				CLANG_WARN_DOCUMENTATION_COMMENTS = YES;
				CLANG_WARN_EMPTY_BODY = YES;
				CLANG_WARN_ENUM_CONVERSION = YES;
				CLANG_WARN_INFINITE_RECURSION = YES;
				CLANG_WARN_INT_CONVERSION = YES;
				CLANG_WARN_NON_LITERAL_NULL_CONVERSION = YES;
				CLANG_WARN_OBJC_IMPLICIT_RETAIN_SELF = YES;
				CLANG_WARN_OBJC_LITERAL_CONVERSION = YES;
				CLANG_WARN_OBJC_ROOT_CLASS = YES_ERROR;
				CLANG_WARN_RANGE_LOOP_ANALYSIS = YES;
				CLANG_WARN_STRICT_PROTOTYPES = YES;
				CLANG_WARN_SUSPICIOUS_MOVE = YES;
				CLANG_WARN_UNGUARDED_AVAILABILITY = YES_AGGRESSIVE;
				CLANG_WARN_UNREACHABLE_CODE = YES;
				CLANG_WARN__DUPLICATE_METHOD_MATCH = YES;
				CODE_SIGN_IDENTITY = "iPhone Developer";
				COPY_PHASE_STRIP = NO;
				DEBUG_INFORMATION_FORMAT = dwarf;
				ENABLE_STRICT_OBJC_MSGSEND = YES;
				ENABLE_TESTABILITY = YES;
				GCC_C_LANGUAGE_STANDARD = gnu11;
				GCC_DYNAMIC_NO_PIC = NO;
				GCC_NO_COMMON_BLOCKS = YES;
				GCC_OPTIMIZATION_LEVEL = 0;
				GCC_PREPROCESSOR_DEFINITIONS = (
					"DEBUG=1",
					"$(inherited)",
				);
				GCC_WARN_64_TO_32_BIT_CONVERSION = YES;
				GCC_WARN_ABOUT_RETURN_TYPE = YES_ERROR;
				GCC_WARN_UNDECLARED_SELECTOR = YES;
				GCC_WARN_UNINITIALIZED_AUTOS = YES_AGGRESSIVE;
				GCC_WARN_UNUSED_FUNCTION = YES;
				GCC_WARN_UNUSED_VARIABLE = YES;
				IPHONEOS_DEPLOYMENT_TARGET = 12.1;
				MTL_ENABLE_DEBUG_INFO = INCLUDE_SOURCE;
				MTL_FAST_MATH = YES;
				ONLY_ACTIVE_ARCH = YES;
				SDKROOT = iphoneos;
				SWIFT_ACTIVE_COMPILATION_CONDITIONS = DEBUG;
				SWIFT_OPTIMIZATION_LEVEL = "-Onone";
			};
			name = Debug;
		};
		4A451168220243580069E563 /* Release */ = {
			isa = XCBuildConfiguration;
			buildSettings = {
				ALWAYS_SEARCH_USER_PATHS = NO;
				CLANG_ANALYZER_NONNULL = YES;
				CLANG_ANALYZER_NUMBER_OBJECT_CONVERSION = YES_AGGRESSIVE;
				CLANG_CXX_LANGUAGE_STANDARD = "gnu++14";
				CLANG_CXX_LIBRARY = "libc++";
				CLANG_ENABLE_MODULES = YES;
				CLANG_ENABLE_OBJC_ARC = YES;
				CLANG_ENABLE_OBJC_WEAK = YES;
				CLANG_WARN_BLOCK_CAPTURE_AUTORELEASING = YES;
				CLANG_WARN_BOOL_CONVERSION = YES;
				CLANG_WARN_COMMA = YES;
				CLANG_WARN_CONSTANT_CONVERSION = YES;
				CLANG_WARN_DEPRECATED_OBJC_IMPLEMENTATIONS = YES;
				CLANG_WARN_DIRECT_OBJC_ISA_USAGE = YES_ERROR;
				CLANG_WARN_DOCUMENTATION_COMMENTS = YES;
				CLANG_WARN_EMPTY_BODY = YES;
				CLANG_WARN_ENUM_CONVERSION = YES;
				CLANG_WARN_INFINITE_RECURSION = YES;
				CLANG_WARN_INT_CONVERSION = YES;
				CLANG_WARN_NON_LITERAL_NULL_CONVERSION = YES;
				CLANG_WARN_OBJC_IMPLICIT_RETAIN_SELF = YES;
				CLANG_WARN_OBJC_LITERAL_CONVERSION = YES;
				CLANG_WARN_OBJC_ROOT_CLASS = YES_ERROR;
				CLANG_WARN_RANGE_LOOP_ANALYSIS = YES;
				CLANG_WARN_STRICT_PROTOTYPES = YES;
				CLANG_WARN_SUSPICIOUS_MOVE = YES;
				CLANG_WARN_UNGUARDED_AVAILABILITY = YES_AGGRESSIVE;
				CLANG_WARN_UNREACHABLE_CODE = YES;
				CLANG_WARN__DUPLICATE_METHOD_MATCH = YES;
				CODE_SIGN_IDENTITY = "iPhone Developer";
				COPY_PHASE_STRIP = NO;
				DEBUG_INFORMATION_FORMAT = "dwarf-with-dsym";
				ENABLE_NS_ASSERTIONS = NO;
				ENABLE_STRICT_OBJC_MSGSEND = YES;
				GCC_C_LANGUAGE_STANDARD = gnu11;
				GCC_NO_COMMON_BLOCKS = YES;
				GCC_WARN_64_TO_32_BIT_CONVERSION = YES;
				GCC_WARN_ABOUT_RETURN_TYPE = YES_ERROR;
				GCC_WARN_UNDECLARED_SELECTOR = YES;
				GCC_WARN_UNINITIALIZED_AUTOS = YES_AGGRESSIVE;
				GCC_WARN_UNUSED_FUNCTION = YES;
				GCC_WARN_UNUSED_VARIABLE = YES;
				IPHONEOS_DEPLOYMENT_TARGET = 12.1;
				MTL_ENABLE_DEBUG_INFO = NO;
				MTL_FAST_MATH = YES;
				SDKROOT = iphoneos;
				SWIFT_COMPILATION_MODE = wholemodule;
				SWIFT_OPTIMIZATION_LEVEL = "-O";
				VALIDATE_PRODUCT = YES;
			};
			name = Release;
		};
		4A45116A220243580069E563 /* Debug */ = {
			isa = XCBuildConfiguration;
			buildSettings = {
				ASSETCATALOG_COMPILER_APPICON_NAME = AppIcon;
				CODE_SIGN_STYLE = Automatic;
				INFOPLIST_FILE = "$(SRCROOT)/Task/Resources/Info.plist";
				LD_RUNPATH_SEARCH_PATHS = (
					"$(inherited)",
					"@executable_path/Frameworks",
				);
				PRODUCT_BUNDLE_IDENTIFIER = com.jrosevear.Task;
				PRODUCT_NAME = "$(TARGET_NAME)";
				SWIFT_VERSION = 4.2;
				TARGETED_DEVICE_FAMILY = "1,2";
			};
			name = Debug;
		};
		4A45116B220243580069E563 /* Release */ = {
			isa = XCBuildConfiguration;
			buildSettings = {
				ASSETCATALOG_COMPILER_APPICON_NAME = AppIcon;
				CODE_SIGN_STYLE = Automatic;
				INFOPLIST_FILE = "$(SRCROOT)/Task/Resources/Info.plist";
				LD_RUNPATH_SEARCH_PATHS = (
					"$(inherited)",
					"@executable_path/Frameworks",
				);
				PRODUCT_BUNDLE_IDENTIFIER = com.jrosevear.Task;
				PRODUCT_NAME = "$(TARGET_NAME)";
				SWIFT_VERSION = 4.2;
				TARGETED_DEVICE_FAMILY = "1,2";
			};
			name = Release;
		};
/* End XCBuildConfiguration section */

/* Begin XCConfigurationList section */
		4A45114F220243570069E563 /* Build configuration list for PBXProject "Task" */ = {
			isa = XCConfigurationList;
			buildConfigurations = (
				4A451167220243580069E563 /* Debug */,
				4A451168220243580069E563 /* Release */,
			);
			defaultConfigurationIsVisible = 0;
			defaultConfigurationName = Release;
		};
		4A451169220243580069E563 /* Build configuration list for PBXNativeTarget "Task" */ = {
			isa = XCConfigurationList;
			buildConfigurations = (
				4A45116A220243580069E563 /* Debug */,
				4A45116B220243580069E563 /* Release */,
			);
			defaultConfigurationIsVisible = 0;
			defaultConfigurationName = Release;
		};
/* End XCConfigurationList section */

/* Begin XCVersionGroup section */
		4A45115E220243570069E563 /* Task.xcdatamodeld */ = {
			isa = XCVersionGroup;
			children = (
				4A45115F220243570069E563 /* Task.xcdatamodel */,
			);
			currentVersion = 4A45115F220243570069E563 /* Task.xcdatamodel */;
			path = Task.xcdatamodeld;
			sourceTree = "<group>";
			versionGroupType = wrapper.xcdatamodel;
		};
		4A4511742202459F0069E563 /* Task.xcdatamodeld */ = {
			isa = XCVersionGroup;
			children = (
				4A4511752202459F0069E563 /* Task.xcdatamodel */,
			);
			currentVersion = 4A4511752202459F0069E563 /* Task.xcdatamodel */;
			name = Task.xcdatamodeld;
			path = View/Task.xcdatamodeld;
			sourceTree = "<group>";
			versionGroupType = wrapper.xcdatamodel;
		};
/* End XCVersionGroup section */
	};
	rootObject = 4A45114C220243570069E563 /* Project object */;
}
